
Microsoft Visual Studio Solution File, Format Version 12.00
# Visual Studio 15
VisualStudioVersion = 15.0.27703.2035
MinimumVisualStudioVersion = 10.0.40219.1
Project("{9A19103F-16F7-4668-BE54-9A1E7A4F7556}") = "web", "web\web.csproj", "{E09EB234-E22B-4DE5-8AC0-64E1E7435776}"
EndProject
Project("{E53339B2-1760-4266-BCC7-CA923CBCF16C}") = "docker-compose", "docker-compose.dcproj", "{7535DF01-4F11-4D96-9857-2ACD3770921E}"
EndProject
Global
	GlobalSection(SolutionConfigurationPlatforms) = preSolution
		Debug|Any CPU = Debug|Any CPU
		Release|Any CPU = Release|Any CPU
	EndGlobalSection
	GlobalSection(ProjectConfigurationPlatforms) = postSolution
		{E09EB234-E22B-4DE5-8AC0-64E1E7435776}.Debug|Any CPU.ActiveCfg = Debug|Any CPU
		{E09EB234-E22B-4DE5-8AC0-64E1E7435776}.Debug|Any CPU.Build.0 = Debug|Any CPU
		{E09EB234-E22B-4DE5-8AC0-64E1E7435776}.Release|Any CPU.ActiveCfg = Release|Any CPU
		{E09EB234-E22B-4DE5-8AC0-64E1E7435776}.Release|Any CPU.Build.0 = Release|Any CPU
		{7535DF01-4F11-4D96-9857-2ACD3770921E}.Debug|Any CPU.ActiveCfg = Debug|Any CPU
		{7535DF01-4F11-4D96-9857-2ACD3770921E}.Debug|Any CPU.Build.0 = Debug|Any CPU
		{7535DF01-4F11-4D96-9857-2ACD3770921E}.Release|Any CPU.ActiveCfg = Release|Any CPU
		{7535DF01-4F11-4D96-9857-2ACD3770921E}.Release|Any CPU.Build.0 = Release|Any CPU
	EndGlobalSection
	GlobalSection(SolutionProperties) = preSolution
		HideSolutionNode = FALSE
	EndGlobalSection
	GlobalSection(ExtensibilityGlobals) = postSolution
		SolutionGuid = {D9EF82CE-E885-49B3-9900-C61555E4B254}
	EndGlobalSection
EndGlobal
